// !$*UTF8*$!
{
	archiveVersion = 1;
	classes = {
	};
	objectVersion = 56;
	objects = {

/* Begin PBXBuildFile section */
		932F2223298C8BE70039D70A /* ElecCalculatorApp.swift in Sources */ = {isa = PBXBuildFile; fileRef = 932F2222298C8BE70039D70A /* ElecCalculatorApp.swift */; };
		932F2225298C8BE70039D70A /* ContentView.swift in Sources */ = {isa = PBXBuildFile; fileRef = 932F2224298C8BE70039D70A /* ContentView.swift */; };
		932F2227298C8BE80039D70A /* Assets.xcassets in Resources */ = {isa = PBXBuildFile; fileRef = 932F2226298C8BE80039D70A /* Assets.xcassets */; };
		932F222A298C8BE80039D70A /* Preview Assets.xcassets in Resources */ = {isa = PBXBuildFile; fileRef = 932F2229298C8BE80039D70A /* Preview Assets.xcassets */; };
		932F2231298C8BF80039D70A /* CircuitCalculatorView.swift in Sources */ = {isa = PBXBuildFile; fileRef = 932F2230298C8BF80039D70A /* CircuitCalculatorView.swift */; };
		935B8C06298CA75200BC3402 /* RelationCalculatorView.swift in Sources */ = {isa = PBXBuildFile; fileRef = 935B8C05298CA75200BC3402 /* RelationCalculatorView.swift */; };
		935B8C08298CF2AF00BC3402 /* ResistorView.swift in Sources */ = {isa = PBXBuildFile; fileRef = 935B8C07298CF2AF00BC3402 /* ResistorView.swift */; };
		935B8C0A298D46C400BC3402 /* EditableResistorView.swift in Sources */ = {isa = PBXBuildFile; fileRef = 935B8C09298D46C400BC3402 /* EditableResistorView.swift */; };
		93CDCA80298E847000539B81 /* Resistor.swift in Sources */ = {isa = PBXBuildFile; fileRef = 93CDCA7F298E847000539B81 /* Resistor.swift */; };
		93CDCA82298E85FC00539B81 /* ColorSnappingScrollView.swift in Sources */ = {isa = PBXBuildFile; fileRef = 93CDCA81298E85FC00539B81 /* ColorSnappingScrollView.swift */; };
		93CDCA84298E970800539B81 /* ResistorIdentificationView.swift in Sources */ = {isa = PBXBuildFile; fileRef = 93CDCA83298E970800539B81 /* ResistorIdentificationView.swift */; };
		93E3947D298F830A00628D66 /* Equation.swift in Sources */ = {isa = PBXBuildFile; fileRef = 93E3947C298F830A00628D66 /* Equation.swift */; };
		93E3947F298F883100628D66 /* EquationTriangleView.swift in Sources */ = {isa = PBXBuildFile; fileRef = 93E3947E298F883100628D66 /* EquationTriangleView.swift */; };
		93E39482298F8ECC00628D66 /* Updating in Frameworks */ = {isa = PBXBuildFile; productRef = 93E39481298F8ECC00628D66 /* Updating */; };
		93E39484298F913000628D66 /* LabelledResistorView.swift in Sources */ = {isa = PBXBuildFile; fileRef = 93E39483298F913000628D66 /* LabelledResistorView.swift */; };
		93E39486298FB25700628D66 /* ResistorShape.swift in Sources */ = {isa = PBXBuildFile; fileRef = 93E39485298FB25700628D66 /* ResistorShape.swift */; };
/* End PBXBuildFile section */

/* Begin PBXFileReference section */
		932F221F298C8BE70039D70A /* ElecCalculator.app */ = {isa = PBXFileReference; explicitFileType = wrapper.application; includeInIndex = 0; path = ElecCalculator.app; sourceTree = BUILT_PRODUCTS_DIR; };
		932F2222298C8BE70039D70A /* ElecCalculatorApp.swift */ = {isa = PBXFileReference; lastKnownFileType = sourcecode.swift; path = ElecCalculatorApp.swift; sourceTree = "<group>"; };
		932F2224298C8BE70039D70A /* ContentView.swift */ = {isa = PBXFileReference; lastKnownFileType = sourcecode.swift; path = ContentView.swift; sourceTree = "<group>"; };
		932F2226298C8BE80039D70A /* Assets.xcassets */ = {isa = PBXFileReference; lastKnownFileType = folder.assetcatalog; path = Assets.xcassets; sourceTree = "<group>"; };
		932F2229298C8BE80039D70A /* Preview Assets.xcassets */ = {isa = PBXFileReference; lastKnownFileType = folder.assetcatalog; path = "Preview Assets.xcassets"; sourceTree = "<group>"; };
		932F2230298C8BF80039D70A /* CircuitCalculatorView.swift */ = {isa = PBXFileReference; lastKnownFileType = sourcecode.swift; path = CircuitCalculatorView.swift; sourceTree = "<group>"; };
		935B8C05298CA75200BC3402 /* RelationCalculatorView.swift */ = {isa = PBXFileReference; lastKnownFileType = sourcecode.swift; path = RelationCalculatorView.swift; sourceTree = "<group>"; };
		935B8C07298CF2AF00BC3402 /* ResistorView.swift */ = {isa = PBXFileReference; lastKnownFileType = sourcecode.swift; path = ResistorView.swift; sourceTree = "<group>"; };
		935B8C09298D46C400BC3402 /* EditableResistorView.swift */ = {isa = PBXFileReference; lastKnownFileType = sourcecode.swift; path = EditableResistorView.swift; sourceTree = "<group>"; };
		93CDCA7F298E847000539B81 /* Resistor.swift */ = {isa = PBXFileReference; lastKnownFileType = sourcecode.swift; path = Resistor.swift; sourceTree = "<group>"; };
		93CDCA81298E85FC00539B81 /* ColorSnappingScrollView.swift */ = {isa = PBXFileReference; lastKnownFileType = sourcecode.swift; path = ColorSnappingScrollView.swift; sourceTree = "<group>"; };
		93CDCA83298E970800539B81 /* ResistorIdentificationView.swift */ = {isa = PBXFileReference; lastKnownFileType = sourcecode.swift; path = ResistorIdentificationView.swift; sourceTree = "<group>"; };
		93E3947C298F830A00628D66 /* Equation.swift */ = {isa = PBXFileReference; lastKnownFileType = sourcecode.swift; path = Equation.swift; sourceTree = "<group>"; };
		93E3947E298F883100628D66 /* EquationTriangleView.swift */ = {isa = PBXFileReference; lastKnownFileType = sourcecode.swift; path = EquationTriangleView.swift; sourceTree = "<group>"; };
		93E39483298F913000628D66 /* LabelledResistorView.swift */ = {isa = PBXFileReference; lastKnownFileType = sourcecode.swift; path = LabelledResistorView.swift; sourceTree = "<group>"; };
		93E39485298FB25700628D66 /* ResistorShape.swift */ = {isa = PBXFileReference; lastKnownFileType = sourcecode.swift; path = ResistorShape.swift; sourceTree = "<group>"; };
/* End PBXFileReference section */

/* Begin PBXFrameworksBuildPhase section */
		932F221C298C8BE70039D70A /* Frameworks */ = {
			isa = PBXFrameworksBuildPhase;
			buildActionMask = 2147483647;
			files = (
				93E39482298F8ECC00628D66 /* Updating in Frameworks */,
			);
			runOnlyForDeploymentPostprocessing = 0;
		};
/* End PBXFrameworksBuildPhase section */

/* Begin PBXGroup section */
		932F2216298C8BE70039D70A = {
			isa = PBXGroup;
			children = (
				932F2221298C8BE70039D70A /* ElecCalculator */,
				932F2220298C8BE70039D70A /* Products */,
			);
			sourceTree = "<group>";
		};
		932F2220298C8BE70039D70A /* Products */ = {
			isa = PBXGroup;
			children = (
				932F221F298C8BE70039D70A /* ElecCalculator.app */,
			);
			name = Products;
			sourceTree = "<group>";
		};
		932F2221298C8BE70039D70A /* ElecCalculator */ = {
			isa = PBXGroup;
			children = (
				93E39479298F82B200628D66 /* Application */,
				93E39477298F82A200628D66 /* UI */,
				93E39478298F82AB00628D66 /* Model */,
				932F2228298C8BE80039D70A /* Preview Content */,
			);
			path = ElecCalculator;
			sourceTree = "<group>";
		};
		932F2228298C8BE80039D70A /* Preview Content */ = {
			isa = PBXGroup;
			children = (
				932F2229298C8BE80039D70A /* Preview Assets.xcassets */,
			);
			path = "Preview Content";
			sourceTree = "<group>";
		};
		93E39477298F82A200628D66 /* UI */ = {
			isa = PBXGroup;
			children = (
				93E3947A298F82CD00628D66 /* Pages */,
				93E3947B298F82D500628D66 /* Components */,
			);
			path = UI;
			sourceTree = "<group>";
		};
		93E39478298F82AB00628D66 /* Model */ = {
			isa = PBXGroup;
			children = (
				93E3947C298F830A00628D66 /* Equation.swift */,
				93CDCA7F298E847000539B81 /* Resistor.swift */,
			);
			path = Model;
			sourceTree = "<group>";
		};
		93E39479298F82B200628D66 /* Application */ = {
			isa = PBXGroup;
			children = (
				932F2222298C8BE70039D70A /* ElecCalculatorApp.swift */,
				932F2224298C8BE70039D70A /* ContentView.swift */,
				932F2226298C8BE80039D70A /* Assets.xcassets */,
			);
			path = Application;
			sourceTree = "<group>";
		};
		93E3947A298F82CD00628D66 /* Pages */ = {
			isa = PBXGroup;
			children = (
				93CDCA83298E970800539B81 /* ResistorIdentificationView.swift */,
				932F2230298C8BF80039D70A /* CircuitCalculatorView.swift */,
				935B8C05298CA75200BC3402 /* RelationCalculatorView.swift */,
			);
			path = Pages;
			sourceTree = "<group>";
		};
		93E3947B298F82D500628D66 /* Components */ = {
			isa = PBXGroup;
			children = (
				935B8C07298CF2AF00BC3402 /* ResistorView.swift */,
				93E39483298F913000628D66 /* LabelledResistorView.swift */,
				935B8C09298D46C400BC3402 /* EditableResistorView.swift */,
				93E39485298FB25700628D66 /* ResistorShape.swift */,
				93CDCA81298E85FC00539B81 /* ColorSnappingScrollView.swift */,
				93E3947E298F883100628D66 /* EquationTriangleView.swift */,
			);
			path = Components;
			sourceTree = "<group>";
		};
/* End PBXGroup section */

/* Begin PBXNativeTarget section */
		932F221E298C8BE70039D70A /* ElecCalculator */ = {
			isa = PBXNativeTarget;
			buildConfigurationList = 932F222D298C8BE80039D70A /* Build configuration list for PBXNativeTarget "ElecCalculator" */;
			buildPhases = (
				932F221B298C8BE70039D70A /* Sources */,
				932F221C298C8BE70039D70A /* Frameworks */,
				932F221D298C8BE70039D70A /* Resources */,
			);
			buildRules = (
			);
			dependencies = (
			);
			name = ElecCalculator;
			packageProductDependencies = (
				93E39481298F8ECC00628D66 /* Updating */,
			);
			productName = ElecCalculator;
			productReference = 932F221F298C8BE70039D70A /* ElecCalculator.app */;
			productType = "com.apple.product-type.application";
		};
/* End PBXNativeTarget section */

/* Begin PBXProject section */
		932F2217298C8BE70039D70A /* Project object */ = {
			isa = PBXProject;
			attributes = {
				BuildIndependentTargetsInParallel = 1;
				LastSwiftUpdateCheck = 1410;
				LastUpgradeCheck = 1410;
				TargetAttributes = {
					932F221E298C8BE70039D70A = {
						CreatedOnToolsVersion = 14.1;
					};
				};
			};
			buildConfigurationList = 932F221A298C8BE70039D70A /* Build configuration list for PBXProject "ElecCalculator" */;
			compatibilityVersion = "Xcode 14.0";
			developmentRegion = en;
			hasScannedForEncodings = 0;
			knownRegions = (
				en,
				Base,
			);
			mainGroup = 932F2216298C8BE70039D70A;
			packageReferences = (
				93E39480298F8ECC00628D66 /* XCRemoteSwiftPackageReference "UpdatedSwiftUI" */,
			);
			productRefGroup = 932F2220298C8BE70039D70A /* Products */;
			projectDirPath = "";
			projectRoot = "";
			targets = (
				932F221E298C8BE70039D70A /* ElecCalculator */,
			);
		};
/* End PBXProject section */

/* Begin PBXResourcesBuildPhase section */
		932F221D298C8BE70039D70A /* Resources */ = {
			isa = PBXResourcesBuildPhase;
			buildActionMask = 2147483647;
			files = (
				932F222A298C8BE80039D70A /* Preview Assets.xcassets in Resources */,
				932F2227298C8BE80039D70A /* Assets.xcassets in Resources */,
			);
			runOnlyForDeploymentPostprocessing = 0;
		};
/* End PBXResourcesBuildPhase section */

/* Begin PBXSourcesBuildPhase section */
		932F221B298C8BE70039D70A /* Sources */ = {
			isa = PBXSourcesBuildPhase;
			buildActionMask = 2147483647;
			files = (
				93CDCA84298E970800539B81 /* ResistorIdentificationView.swift in Sources */,
				932F2231298C8BF80039D70A /* CircuitCalculatorView.swift in Sources */,
				93CDCA82298E85FC00539B81 /* ColorSnappingScrollView.swift in Sources */,
				93E3947F298F883100628D66 /* EquationTriangleView.swift in Sources */,
				93E39484298F913000628D66 /* LabelledResistorView.swift in Sources */,
				935B8C0A298D46C400BC3402 /* EditableResistorView.swift in Sources */,
				932F2225298C8BE70039D70A /* ContentView.swift in Sources */,
				93E39486298FB25700628D66 /* ResistorShape.swift in Sources */,
				935B8C06298CA75200BC3402 /* RelationCalculatorView.swift in Sources */,
				93CDCA80298E847000539B81 /* Resistor.swift in Sources */,
				93E3947D298F830A00628D66 /* Equation.swift in Sources */,
				935B8C08298CF2AF00BC3402 /* ResistorView.swift in Sources */,
				932F2223298C8BE70039D70A /* ElecCalculatorApp.swift in Sources */,
			);
			runOnlyForDeploymentPostprocessing = 0;
		};
/* End PBXSourcesBuildPhase section */

/* Begin XCBuildConfiguration section */
		932F222B298C8BE80039D70A /* Debug */ = {
			isa = XCBuildConfiguration;
			buildSettings = {
				ALWAYS_SEARCH_USER_PATHS = NO;
				CLANG_ANALYZER_NONNULL = YES;
				CLANG_ANALYZER_NUMBER_OBJECT_CONVERSION = YES_AGGRESSIVE;
				CLANG_CXX_LANGUAGE_STANDARD = "gnu++20";
				CLANG_ENABLE_MODULES = YES;
				CLANG_ENABLE_OBJC_ARC = YES;
				CLANG_ENABLE_OBJC_WEAK = YES;
				CLANG_WARN_BLOCK_CAPTURE_AUTORELEASING = YES;
				CLANG_WARN_BOOL_CONVERSION = YES;
				CLANG_WARN_COMMA = YES;
				CLANG_WARN_CONSTANT_CONVERSION = YES;
				CLANG_WARN_DEPRECATED_OBJC_IMPLEMENTATIONS = YES;
				CLANG_WARN_DIRECT_OBJC_ISA_USAGE = YES_ERROR;
				CLANG_WARN_DOCUMENTATION_COMMENTS = YES;
				CLANG_WARN_EMPTY_BODY = YES;
				CLANG_WARN_ENUM_CONVERSION = YES;
				CLANG_WARN_INFINITE_RECURSION = YES;
				CLANG_WARN_INT_CONVERSION = YES;
				CLANG_WARN_NON_LITERAL_NULL_CONVERSION = YES;
				CLANG_WARN_OBJC_IMPLICIT_RETAIN_SELF = YES;
				CLANG_WARN_OBJC_LITERAL_CONVERSION = YES;
				CLANG_WARN_OBJC_ROOT_CLASS = YES_ERROR;
				CLANG_WARN_QUOTED_INCLUDE_IN_FRAMEWORK_HEADER = YES;
				CLANG_WARN_RANGE_LOOP_ANALYSIS = YES;
				CLANG_WARN_STRICT_PROTOTYPES = YES;
				CLANG_WARN_SUSPICIOUS_MOVE = YES;
				CLANG_WARN_UNGUARDED_AVAILABILITY = YES_AGGRESSIVE;
				CLANG_WARN_UNREACHABLE_CODE = YES;
				CLANG_WARN__DUPLICATE_METHOD_MATCH = YES;
				COPY_PHASE_STRIP = NO;
				DEBUG_INFORMATION_FORMAT = dwarf;
				ENABLE_STRICT_OBJC_MSGSEND = YES;
				ENABLE_TESTABILITY = YES;
				GCC_C_LANGUAGE_STANDARD = gnu11;
				GCC_DYNAMIC_NO_PIC = NO;
				GCC_NO_COMMON_BLOCKS = YES;
				GCC_OPTIMIZATION_LEVEL = 0;
				GCC_PREPROCESSOR_DEFINITIONS = (
					"DEBUG=1",
					"$(inherited)",
				);
				GCC_WARN_64_TO_32_BIT_CONVERSION = YES;
				GCC_WARN_ABOUT_RETURN_TYPE = YES_ERROR;
				GCC_WARN_UNDECLARED_SELECTOR = YES;
				GCC_WARN_UNINITIALIZED_AUTOS = YES_AGGRESSIVE;
				GCC_WARN_UNUSED_FUNCTION = YES;
				GCC_WARN_UNUSED_VARIABLE = YES;
				IPHONEOS_DEPLOYMENT_TARGET = 16.1;
				MTL_ENABLE_DEBUG_INFO = INCLUDE_SOURCE;
				MTL_FAST_MATH = YES;
				ONLY_ACTIVE_ARCH = YES;
				SDKROOT = iphoneos;
				SWIFT_ACTIVE_COMPILATION_CONDITIONS = DEBUG;
				SWIFT_OPTIMIZATION_LEVEL = "-Onone";
			};
			name = Debug;
		};
		932F222C298C8BE80039D70A /* Release */ = {
			isa = XCBuildConfiguration;
			buildSettings = {
				ALWAYS_SEARCH_USER_PATHS = NO;
				CLANG_ANALYZER_NONNULL = YES;
				CLANG_ANALYZER_NUMBER_OBJECT_CONVERSION = YES_AGGRESSIVE;
				CLANG_CXX_LANGUAGE_STANDARD = "gnu++20";
				CLANG_ENABLE_MODULES = YES;
				CLANG_ENABLE_OBJC_ARC = YES;
				CLANG_ENABLE_OBJC_WEAK = YES;
				CLANG_WARN_BLOCK_CAPTURE_AUTORELEASING = YES;
				CLANG_WARN_BOOL_CONVERSION = YES;
				CLANG_WARN_COMMA = YES;
				CLANG_WARN_CONSTANT_CONVERSION = YES;
				CLANG_WARN_DEPRECATED_OBJC_IMPLEMENTATIONS = YES;
				CLANG_WARN_DIRECT_OBJC_ISA_USAGE = YES_ERROR;
				CLANG_WARN_DOCUMENTATION_COMMENTS = YES;
				CLANG_WARN_EMPTY_BODY = YES;
				CLANG_WARN_ENUM_CONVERSION = YES;
				CLANG_WARN_INFINITE_RECURSION = YES;
				CLANG_WARN_INT_CONVERSION = YES;
				CLANG_WARN_NON_LITERAL_NULL_CONVERSION = YES;
				CLANG_WARN_OBJC_IMPLICIT_RETAIN_SELF = YES;
				CLANG_WARN_OBJC_LITERAL_CONVERSION = YES;
				CLANG_WARN_OBJC_ROOT_CLASS = YES_ERROR;
				CLANG_WARN_QUOTED_INCLUDE_IN_FRAMEWORK_HEADER = YES;
				CLANG_WARN_RANGE_LOOP_ANALYSIS = YES;
				CLANG_WARN_STRICT_PROTOTYPES = YES;
				CLANG_WARN_SUSPICIOUS_MOVE = YES;
				CLANG_WARN_UNGUARDED_AVAILABILITY = YES_AGGRESSIVE;
				CLANG_WARN_UNREACHABLE_CODE = YES;
				CLANG_WARN__DUPLICATE_METHOD_MATCH = YES;
				COPY_PHASE_STRIP = NO;
				DEBUG_INFORMATION_FORMAT = "dwarf-with-dsym";
				ENABLE_NS_ASSERTIONS = NO;
				ENABLE_STRICT_OBJC_MSGSEND = YES;
				GCC_C_LANGUAGE_STANDARD = gnu11;
				GCC_NO_COMMON_BLOCKS = YES;
				GCC_WARN_64_TO_32_BIT_CONVERSION = YES;
				GCC_WARN_ABOUT_RETURN_TYPE = YES_ERROR;
				GCC_WARN_UNDECLARED_SELECTOR = YES;
				GCC_WARN_UNINITIALIZED_AUTOS = YES_AGGRESSIVE;
				GCC_WARN_UNUSED_FUNCTION = YES;
				GCC_WARN_UNUSED_VARIABLE = YES;
				IPHONEOS_DEPLOYMENT_TARGET = 16.1;
				MTL_ENABLE_DEBUG_INFO = NO;
				MTL_FAST_MATH = YES;
				SDKROOT = iphoneos;
				SWIFT_COMPILATION_MODE = wholemodule;
				SWIFT_OPTIMIZATION_LEVEL = "-O";
				VALIDATE_PRODUCT = YES;
			};
			name = Release;
		};
		932F222E298C8BE80039D70A /* Debug */ = {
			isa = XCBuildConfiguration;
			buildSettings = {
				ASSETCATALOG_COMPILER_APPICON_NAME = AppIcon;
				ASSETCATALOG_COMPILER_GLOBAL_ACCENT_COLOR_NAME = AccentColor;
				CODE_SIGN_STYLE = Automatic;
				CURRENT_PROJECT_VERSION = 1;
				DEVELOPMENT_ASSET_PATHS = "\"ElecCalculator/Preview Content\"";
				ENABLE_PREVIEWS = YES;
				GENERATE_INFOPLIST_FILE = YES;
				INFOPLIST_KEY_UIApplicationSceneManifest_Generation = YES;
				INFOPLIST_KEY_UIApplicationSupportsIndirectInputEvents = YES;
				INFOPLIST_KEY_UILaunchScreen_Generation = YES;
				INFOPLIST_KEY_UISupportedInterfaceOrientations_iPad = "UIInterfaceOrientationPortrait UIInterfaceOrientationPortraitUpsideDown UIInterfaceOrientationLandscapeLeft UIInterfaceOrientationLandscapeRight";
				INFOPLIST_KEY_UISupportedInterfaceOrientations_iPhone = "UIInterfaceOrientationPortrait UIInterfaceOrientationLandscapeLeft UIInterfaceOrientationLandscapeRight";
				LD_RUNPATH_SEARCH_PATHS = (
					"$(inherited)",
					"@executable_path/Frameworks",
				);
				MARKETING_VERSION = 1.0;
				PRODUCT_BUNDLE_IDENTIFIER = com.kaitay.ElecCalculator;
				PRODUCT_NAME = "$(TARGET_NAME)";
				SWIFT_EMIT_LOC_STRINGS = YES;
				SWIFT_VERSION = 5.0;
				TARGETED_DEVICE_FAMILY = "1,2";
			};
			name = Debug;
		};
		932F222F298C8BE80039D70A /* Release */ = {
			isa = XCBuildConfiguration;
			buildSettings = {
				ASSETCATALOG_COMPILER_APPICON_NAME = AppIcon;
				ASSETCATALOG_COMPILER_GLOBAL_ACCENT_COLOR_NAME = AccentColor;
				CODE_SIGN_STYLE = Automatic;
				CURRENT_PROJECT_VERSION = 1;
				DEVELOPMENT_ASSET_PATHS = "\"ElecCalculator/Preview Content\"";
				ENABLE_PREVIEWS = YES;
				GENERATE_INFOPLIST_FILE = YES;
				INFOPLIST_KEY_UIApplicationSceneManifest_Generation = YES;
				INFOPLIST_KEY_UIApplicationSupportsIndirectInputEvents = YES;
				INFOPLIST_KEY_UILaunchScreen_Generation = YES;
				INFOPLIST_KEY_UISupportedInterfaceOrientations_iPad = "UIInterfaceOrientationPortrait UIInterfaceOrientationPortraitUpsideDown UIInterfaceOrientationLandscapeLeft UIInterfaceOrientationLandscapeRight";
				INFOPLIST_KEY_UISupportedInterfaceOrientations_iPhone = "UIInterfaceOrientationPortrait UIInterfaceOrientationLandscapeLeft UIInterfaceOrientationLandscapeRight";
				LD_RUNPATH_SEARCH_PATHS = (
					"$(inherited)",
					"@executable_path/Frameworks",
				);
				MARKETING_VERSION = 1.0;
				PRODUCT_BUNDLE_IDENTIFIER = com.kaitay.ElecCalculator;
				PRODUCT_NAME = "$(TARGET_NAME)";
				SWIFT_EMIT_LOC_STRINGS = YES;
				SWIFT_VERSION = 5.0;
				TARGETED_DEVICE_FAMILY = "1,2";
			};
			name = Release;
		};
/* End XCBuildConfiguration section */

/* Begin XCConfigurationList section */
		932F221A298C8BE70039D70A /* Build configuration list for PBXProject "ElecCalculator" */ = {
			isa = XCConfigurationList;
			buildConfigurations = (
				932F222B298C8BE80039D70A /* Debug */,
				932F222C298C8BE80039D70A /* Release */,
			);
			defaultConfigurationIsVisible = 0;
			defaultConfigurationName = Release;
		};
		932F222D298C8BE80039D70A /* Build configuration list for PBXNativeTarget "ElecCalculator" */ = {
			isa = XCConfigurationList;
			buildConfigurations = (
				932F222E298C8BE80039D70A /* Debug */,
				932F222F298C8BE80039D70A /* Release */,
			);
			defaultConfigurationIsVisible = 0;
			defaultConfigurationName = Release;
		};
/* End XCConfigurationList section */

/* Begin XCRemoteSwiftPackageReference section */
		93E39480298F8ECC00628D66 /* XCRemoteSwiftPackageReference "UpdatedSwiftUI" */ = {
			isa = XCRemoteSwiftPackageReference;
			repositoryURL = "https://github.com/KaiTheRedNinja/UpdatedSwiftUI";
			requirement = {
				branch = main;
				kind = branch;
			};
		};
/* End XCRemoteSwiftPackageReference section */

/* Begin XCSwiftPackageProductDependency section */
		93E39481298F8ECC00628D66 /* Updating */ = {
			isa = XCSwiftPackageProductDependency;
			package = 93E39480298F8ECC00628D66 /* XCRemoteSwiftPackageReference "UpdatedSwiftUI" */;
			productName = Updating;
		};
/* End XCSwiftPackageProductDependency section */
	};
	rootObject = 932F2217298C8BE70039D70A /* Project object */;
}
